
Microsoft Visual Studio Solution File, Format Version 12.00
# Visual Studio Version 17
VisualStudioVersion = 17.10.35013.160
MinimumVisualStudioVersion = 10.0.40219.1
Project("{FAE04EC0-301F-11D3-BF4B-00C04F79EFBC}") = "QM-BepInExCompatibility", "QM-BepInExCompatibility.csproj", "{4D096611-FC49-4979-B3B0-144328D95C43}"
EndProject
Global
	GlobalSection(SolutionConfigurationPlatforms) = preSolution
		Debug|Any CPU = Debug|Any CPU
		Release|Any CPU = Release|Any CPU
	EndGlobalSection
	GlobalSection(ProjectConfigurationPlatforms) = postSolution
		{4D096611-FC49-4979-B3B0-144328D95C43}.Debug|Any CPU.ActiveCfg = Debug|Any CPU
		{4D096611-FC49-4979-B3B0-144328D95C43}.Debug|Any CPU.Build.0 = Debug|Any CPU
		{4D096611-FC49-4979-B3B0-144328D95C43}.Release|Any CPU.ActiveCfg = Release|Any CPU
		{4D096611-FC49-4979-B3B0-144328D95C43}.Release|Any CPU.Build.0 = Release|Any CPU
	EndGlobalSection
	GlobalSection(SolutionProperties) = preSolution
		HideSolutionNode = FALSE
	EndGlobalSection
	GlobalSection(ExtensibilityGlobals) = postSolution
		SolutionGuid = {C138058B-D8D1-4C7B-A190-2B5F1FDB040D}
	EndGlobalSection
EndGlobal
